
Microsoft Visual Studio Solution File, Format Version 12.00
# Visual Studio Version 17
VisualStudioVersion = 17.14.36623.8 d17.14
MinimumVisualStudioVersion = 10.0.40219.1
Project("{FAE04EC0-301F-11D3-BF4B-00C04F79EFBC}") = "DepoTakipSistemi", "DepoTakipSistemi\DepoTakipSistemi.csproj", "{1E0E4517-F231-4FC6-9422-702F115B528B}"
EndProject
Global
	GlobalSection(SolutionConfigurationPlatforms) = preSolution
		Debug|Any CPU = Debug|Any CPU
		Release|Any CPU = Release|Any CPU
	EndGlobalSection
	GlobalSection(ProjectConfigurationPlatforms) = postSolution
		{1E0E4517-F231-4FC6-9422-702F115B528B}.Debug|Any CPU.ActiveCfg = Debug|Any CPU
		{1E0E4517-F231-4FC6-9422-702F115B528B}.Debug|Any CPU.Build.0 = Debug|Any CPU
		{1E0E4517-F231-4FC6-9422-702F115B528B}.Release|Any CPU.ActiveCfg = Release|Any CPU
		{1E0E4517-F231-4FC6-9422-702F115B528B}.Release|Any CPU.Build.0 = Release|Any CPU
	EndGlobalSection
	GlobalSection(SolutionProperties) = preSolution
		HideSolutionNode = FALSE
	EndGlobalSection
	GlobalSection(ExtensibilityGlobals) = postSolution
		SolutionGuid = {179200D0-9AE7-4249-A6EB-165EC8534576}
	EndGlobalSection
EndGlobal
